// !$*UTF8*$!
{
	archiveVersion = 1;
	classes = {
	};
	objectVersion = 46;
	objects = {

/* Begin PBXBuildFile section */
		102266F1C0D6B045B2105A14 /* libPods-rndm-ios.a in Frameworks */ = {isa = PBXBuildFile; fileRef = 6F1A0DD0ECC75CB687086BAB /* libPods-rndm-ios.a */; };
		3476D6ECF0A4B78DD5EC1D66 /* libPods-rndm-tvos.a in Frameworks */ = {isa = PBXBuildFile; fileRef = 55E5B2EE38864AF6FA7D9D2E /* libPods-rndm-tvos.a */; };
		856F675820A6E83700BEB589 /* AppDelegate.swift in Sources */ = {isa = PBXBuildFile; fileRef = 856F675720A6E83700BEB589 /* AppDelegate.swift */; };
		857306DD2010957400A8C79E /* LaunchScreen.xib in Resources */ = {isa = PBXBuildFile; fileRef = 857306DB2010957400A8C79E /* LaunchScreen.xib */; };
		8581B55320049BEA00B2F06E /* GoogleService-Info.plist in Resources */ = {isa = PBXBuildFile; fileRef = 8581B55220049BEA00B2F06E /* GoogleService-Info.plist */; };
		85BE6E361FDA01E20099B7BA /* Octicons.ttf in Resources */ = {isa = PBXBuildFile; fileRef = 85BE6E051FDA01E20099B7BA /* Octicons.ttf */; };
		85BE6E371FDA01E20099B7BA /* Feather.ttf in Resources */ = {isa = PBXBuildFile; fileRef = 85BE6E061FDA01E20099B7BA /* Feather.ttf */; };
		85BE6E381FDA01E20099B7BA /* Entypo.ttf in Resources */ = {isa = PBXBuildFile; fileRef = 85BE6E071FDA01E20099B7BA /* Entypo.ttf */; };
		85BE6E391FDA01E20099B7BA /* MaterialCommunityIcons.ttf in Resources */ = {isa = PBXBuildFile; fileRef = 85BE6E081FDA01E20099B7BA /* MaterialCommunityIcons.ttf */; };
		85BE6E3A1FDA01E20099B7BA /* Foundation.ttf in Resources */ = {isa = PBXBuildFile; fileRef = 85BE6E091FDA01E20099B7BA /* Foundation.ttf */; };
		85BE6E3B1FDA01E20099B7BA /* Ionicons.ttf in Resources */ = {isa = PBXBuildFile; fileRef = 85BE6E0A1FDA01E20099B7BA /* Ionicons.ttf */; };
		85BE6E3C1FDA01E20099B7BA /* FontAwesome.ttf in Resources */ = {isa = PBXBuildFile; fileRef = 85BE6E0B1FDA01E20099B7BA /* FontAwesome.ttf */; };
		85BE6E3D1FDA01E20099B7BA /* Zocial.ttf in Resources */ = {isa = PBXBuildFile; fileRef = 85BE6E0C1FDA01E20099B7BA /* Zocial.ttf */; };
		85BE6E3E1FDA01E20099B7BA /* EvilIcons.ttf in Resources */ = {isa = PBXBuildFile; fileRef = 85BE6E0D1FDA01E20099B7BA /* EvilIcons.ttf */; };
		85BE6E3F1FDA01E20099B7BA /* SimpleLineIcons.ttf in Resources */ = {isa = PBXBuildFile; fileRef = 85BE6E0E1FDA01E20099B7BA /* SimpleLineIcons.ttf */; };
		85BE6E401FDA01E20099B7BA /* MaterialIcons.ttf in Resources */ = {isa = PBXBuildFile; fileRef = 85BE6E0F1FDA01E20099B7BA /* MaterialIcons.ttf */; };
		85DE9B6421BA374900C11C87 /* AppDelegate.swift in Sources */ = {isa = PBXBuildFile; fileRef = 856F675720A6E83700BEB589 /* AppDelegate.swift */; };
		E48E492BFDCBEA45414BB96E /* libPods-rndm-ios.a in Frameworks */ = {isa = PBXBuildFile; fileRef = 85DE9B6B21BA3C8700C11C87 /* libPods-rndm-ios.a */; };
/* End PBXBuildFile section */

/* Begin PBXFileReference section */
		008F07F21AC5B25A0029DE68 /* main.jsbundle */ = {isa = PBXFileReference; fileEncoding = 4; lastKnownFileType = text; path = main.jsbundle; sourceTree = "<group>"; };
		13B07F961A680F5B00A75B9A /* rndm-ios.app */ = {isa = PBXFileReference; explicitFileType = wrapper.application; includeInIndex = 0; path = "rndm-ios.app"; sourceTree = BUILT_PRODUCTS_DIR; };
		13B07FB51A68108700A75B9A /* ios.xcassets */ = {isa = PBXFileReference; lastKnownFileType = folder.assetcatalog; path = ios.xcassets; sourceTree = "<group>"; };
		1695D7D549A7015D883949F5 /* libPods-defaults-rndm-ios.a */ = {isa = PBXFileReference; explicitFileType = archive.ar; includeInIndex = 0; path = "libPods-defaults-rndm-ios.a"; sourceTree = BUILT_PRODUCTS_DIR; };
		1AD2DF9DD37D4902A9F72016 /* FontAwesome.ttf */ = {isa = PBXFileReference; explicitFileType = undefined; fileEncoding = 9; includeInIndex = 0; lastKnownFileType = unknown; name = FontAwesome.ttf; path = "../node_modules/react-native-vector-icons/Fonts/FontAwesome.ttf"; sourceTree = "<group>"; };
		249C91F8CAC94FAFAF541F0D /* MaterialIcons.ttf */ = {isa = PBXFileReference; explicitFileType = undefined; fileEncoding = 9; includeInIndex = 0; lastKnownFileType = unknown; name = MaterialIcons.ttf; path = ../assets/fonts/MaterialIcons.ttf; sourceTree = "<group>"; };
		285AEED4CE8D43DBB4F27ECC /* MaterialCommunityIcons.ttf */ = {isa = PBXFileReference; explicitFileType = undefined; fileEncoding = 9; includeInIndex = 0; lastKnownFileType = unknown; name = MaterialCommunityIcons.ttf; path = ../assets/fonts/MaterialCommunityIcons.ttf; sourceTree = "<group>"; };
		2A3E0886F21C418EA87F42AD /* Entypo.ttf */ = {isa = PBXFileReference; explicitFileType = undefined; fileEncoding = 9; includeInIndex = 0; lastKnownFileType = unknown; name = Entypo.ttf; path = ../assets/fonts/Entypo.ttf; sourceTree = "<group>"; };
		2DE0346BAE916474B8C1161B /* Pods-rndm-tvos.release.xcconfig */ = {isa = PBXFileReference; includeInIndex = 1; lastKnownFileType = text.xcconfig; name = "Pods-rndm-tvos.release.xcconfig"; path = "Pods/Target Support Files/Pods-rndm-tvos/Pods-rndm-tvos.release.xcconfig"; sourceTree = "<group>"; };
		34BA237802A34C338834451A /* libRNFirebase.a */ = {isa = PBXFileReference; explicitFileType = undefined; fileEncoding = 9; includeInIndex = 0; lastKnownFileType = archive.ar; path = libRNFirebase.a; sourceTree = "<group>"; };
		379D4209057B493FBF7298F6 /* EvilIcons.ttf */ = {isa = PBXFileReference; explicitFileType = undefined; fileEncoding = 9; includeInIndex = 0; lastKnownFileType = unknown; name = EvilIcons.ttf; path = ../assets/fonts/EvilIcons.ttf; sourceTree = "<group>"; };
		3D72ADB83DF359FF0F23BAC9 /* Pods-rndm-tvos.debug.xcconfig */ = {isa = PBXFileReference; includeInIndex = 1; lastKnownFileType = text.xcconfig; name = "Pods-rndm-tvos.debug.xcconfig"; path = "Pods/Target Support Files/Pods-rndm-tvos/Pods-rndm-tvos.debug.xcconfig"; sourceTree = "<group>"; };
		3E9CA15583A546CCAD339A5F /* MaterialIcons.ttf */ = {isa = PBXFileReference; explicitFileType = undefined; fileEncoding = 9; includeInIndex = 0; lastKnownFileType = unknown; name = MaterialIcons.ttf; path = "../node_modules/react-native-vector-icons/Fonts/MaterialIcons.ttf"; sourceTree = "<group>"; };
		424903C7943A4124855C242C /* Octicons.ttf */ = {isa = PBXFileReference; explicitFileType = undefined; fileEncoding = 9; includeInIndex = 0; lastKnownFileType = unknown; name = Octicons.ttf; path = "../node_modules/react-native-vector-icons/Fonts/Octicons.ttf"; sourceTree = "<group>"; };
		4312808189E847C5956B4409 /* MaterialCommunityIcons.ttf */ = {isa = PBXFileReference; explicitFileType = undefined; fileEncoding = 9; includeInIndex = 0; lastKnownFileType = unknown; name = MaterialCommunityIcons.ttf; path = "../node_modules/react-native-vector-icons/Fonts/MaterialCommunityIcons.ttf"; sourceTree = "<group>"; };
		49827DE1E8B6576663E455BB /* Pods-rndm-ios.release.xcconfig */ = {isa = PBXFileReference; includeInIndex = 1; lastKnownFileType = text.xcconfig; name = "Pods-rndm-ios.release.xcconfig"; path = "Pods/Target Support Files/Pods-rndm-ios/Pods-rndm-ios.release.xcconfig"; sourceTree = "<group>"; };
		4B9A3B6A2B4EC7FF061A114B /* Pods-rndm-ios.debug.xcconfig */ = {isa = PBXFileReference; includeInIndex = 1; lastKnownFileType = text.xcconfig; name = "Pods-rndm-ios.debug.xcconfig"; path = "Pods/Target Support Files/Pods-rndm-ios/Pods-rndm-ios.debug.xcconfig"; sourceTree = "<group>"; };
		525C8437AA5047B88C20F512 /* Zocial.ttf */ = {isa = PBXFileReference; explicitFileType = undefined; fileEncoding = 9; includeInIndex = 0; lastKnownFileType = unknown; name = Zocial.ttf; path = "../node_modules/react-native-vector-icons/Fonts/Zocial.ttf"; sourceTree = "<group>"; };
		53019F264A054CA996611AF3 /* Entypo.ttf */ = {isa = PBXFileReference; explicitFileType = undefined; fileEncoding = 9; includeInIndex = 0; lastKnownFileType = unknown; name = Entypo.ttf; path = "../node_modules/react-native-vector-icons/Fonts/Entypo.ttf"; sourceTree = "<group>"; };
		55E5B2EE38864AF6FA7D9D2E /* libPods-rndm-tvos.a */ = {isa = PBXFileReference; explicitFileType = archive.ar; includeInIndex = 0; path = "libPods-rndm-tvos.a"; sourceTree = BUILT_PRODUCTS_DIR; };
		594AE889567A4FC19C739793 /* Foundation.ttf */ = {isa = PBXFileReference; explicitFileType = undefined; fileEncoding = 9; includeInIndex = 0; lastKnownFileType = unknown; name = Foundation.ttf; path = ../assets/fonts/Foundation.ttf; sourceTree = "<group>"; };
		6DD828A70E304CE739FD661C /* libPods-defaults-rndm-tvos.a */ = {isa = PBXFileReference; explicitFileType = archive.ar; includeInIndex = 0; path = "libPods-defaults-rndm-tvos.a"; sourceTree = BUILT_PRODUCTS_DIR; };
		6F1A0DD0ECC75CB687086BAB /* libPods-rndm-ios.a */ = {isa = PBXFileReference; explicitFileType = archive.ar; includeInIndex = 0; path = "libPods-rndm-ios.a"; sourceTree = BUILT_PRODUCTS_DIR; };
		7243818E0E4A40C38262D8EE /* Feather.ttf */ = {isa = PBXFileReference; explicitFileType = undefined; fileEncoding = 9; includeInIndex = 0; lastKnownFileType = unknown; name = Feather.ttf; path = ../assets/fonts/Feather.ttf; sourceTree = "<group>"; };
		74A888E0F6924AA380DC1B32 /* Octicons.ttf */ = {isa = PBXFileReference; explicitFileType = undefined; fileEncoding = 9; includeInIndex = 0; lastKnownFileType = unknown; name = Octicons.ttf; path = ../assets/fonts/Octicons.ttf; sourceTree = "<group>"; };
		85634F492010A7B700C175B0 /* rndm-ios.entitlements */ = {isa = PBXFileReference; lastKnownFileType = text.plist.entitlements; path = "rndm-ios.entitlements"; sourceTree = "<group>"; };
		85634F4E2010AAB700C175B0 /* Info.plist */ = {isa = PBXFileReference; fileEncoding = 4; lastKnownFileType = text.plist.xml; path = Info.plist; sourceTree = "<group>"; };
		856F675520A6E7E800BEB589 /* Bridge.h */ = {isa = PBXFileReference; fileEncoding = 4; lastKnownFileType = sourcecode.c.h; path = Bridge.h; sourceTree = "<group>"; };
		856F675720A6E83700BEB589 /* AppDelegate.swift */ = {isa = PBXFileReference; lastKnownFileType = sourcecode.swift; path = AppDelegate.swift; sourceTree = "<group>"; };
		857306DC2010957400A8C79E /* Base */ = {isa = PBXFileReference; lastKnownFileType = file.xib; name = Base; path = src/Base.lproj/LaunchScreen.xib; sourceTree = "<group>"; };
		8581B55220049BEA00B2F06E /* GoogleService-Info.plist */ = {isa = PBXFileReference; fileEncoding = 4; lastKnownFileType = text.plist.xml; name = "GoogleService-Info.plist"; path = "src/GoogleService-Info.plist"; sourceTree = "<group>"; };
		85BE6E051FDA01E20099B7BA /* Octicons.ttf */ = {isa = PBXFileReference; lastKnownFileType = file; path = Octicons.ttf; sourceTree = "<group>"; };
		85BE6E061FDA01E20099B7BA /* Feather.ttf */ = {isa = PBXFileReference; lastKnownFileType = file; path = Feather.ttf; sourceTree = "<group>"; };
		85BE6E071FDA01E20099B7BA /* Entypo.ttf */ = {isa = PBXFileReference; lastKnownFileType = file; path = Entypo.ttf; sourceTree = "<group>"; };
		85BE6E081FDA01E20099B7BA /* MaterialCommunityIcons.ttf */ = {isa = PBXFileReference; lastKnownFileType = file; path = MaterialCommunityIcons.ttf; sourceTree = "<group>"; };
		85BE6E091FDA01E20099B7BA /* Foundation.ttf */ = {isa = PBXFileReference; lastKnownFileType = file; path = Foundation.ttf; sourceTree = "<group>"; };
		85BE6E0A1FDA01E20099B7BA /* Ionicons.ttf */ = {isa = PBXFileReference; lastKnownFileType = file; path = Ionicons.ttf; sourceTree = "<group>"; };
		85BE6E0B1FDA01E20099B7BA /* FontAwesome.ttf */ = {isa = PBXFileReference; lastKnownFileType = file; path = FontAwesome.ttf; sourceTree = "<group>"; };
		85BE6E0C1FDA01E20099B7BA /* Zocial.ttf */ = {isa = PBXFileReference; lastKnownFileType = file; path = Zocial.ttf; sourceTree = "<group>"; };
		85BE6E0D1FDA01E20099B7BA /* EvilIcons.ttf */ = {isa = PBXFileReference; lastKnownFileType = file; path = EvilIcons.ttf; sourceTree = "<group>"; };
		85BE6E0E1FDA01E20099B7BA /* SimpleLineIcons.ttf */ = {isa = PBXFileReference; lastKnownFileType = file; path = SimpleLineIcons.ttf; sourceTree = "<group>"; };
		85BE6E0F1FDA01E20099B7BA /* MaterialIcons.ttf */ = {isa = PBXFileReference; lastKnownFileType = file; path = MaterialIcons.ttf; sourceTree = "<group>"; };
		85DE9B4F21BA333700C11C87 /* rndm-tvos.app */ = {isa = PBXFileReference; explicitFileType = wrapper.application; includeInIndex = 0; path = "rndm-tvos.app"; sourceTree = BUILT_PRODUCTS_DIR; };
		85DE9B5821BA333900C11C87 /* tvos.xcassets */ = {isa = PBXFileReference; lastKnownFileType = folder.assetcatalog; path = tvos.xcassets; sourceTree = "<group>"; };
		85DE9B5A21BA333900C11C87 /* Info.plist */ = {isa = PBXFileReference; lastKnownFileType = text.plist.xml; path = Info.plist; sourceTree = "<group>"; };
		85DE9B5F21BA356F00C11C87 /* libDoubleConversion.a */ = {isa = PBXFileReference; explicitFileType = archive.ar; path = libDoubleConversion.a; sourceTree = BUILT_PRODUCTS_DIR; };
		85DE9B6121BA35AB00C11C87 /* libDoubleConversion.a */ = {isa = PBXFileReference; explicitFileType = archive.ar; path = libDoubleConversion.a; sourceTree = BUILT_PRODUCTS_DIR; };
		85DE9B6521BA3C8700C11C87 /* libDoubleConversion.a */ = {isa = PBXFileReference; explicitFileType = archive.ar; path = libDoubleConversion.a; sourceTree = BUILT_PRODUCTS_DIR; };
		85DE9B6721BA3C8700C11C87 /* libFolly.a */ = {isa = PBXFileReference; explicitFileType = archive.ar; path = libFolly.a; sourceTree = BUILT_PRODUCTS_DIR; };
		85DE9B6921BA3C8700C11C87 /* libglog.a */ = {isa = PBXFileReference; explicitFileType = archive.ar; path = libglog.a; sourceTree = BUILT_PRODUCTS_DIR; };
		85DE9B6B21BA3C8700C11C87 /* libPods-rndm-ios.a */ = {isa = PBXFileReference; explicitFileType = archive.ar; path = "libPods-rndm-ios.a"; sourceTree = BUILT_PRODUCTS_DIR; };
		85DE9B6D21BA3C8700C11C87 /* libReact.a */ = {isa = PBXFileReference; explicitFileType = archive.ar; path = libReact.a; sourceTree = BUILT_PRODUCTS_DIR; };
		85DE9B6F21BA3C8700C11C87 /* libRNDeviceInfo.a */ = {isa = PBXFileReference; explicitFileType = archive.ar; path = libRNDeviceInfo.a; sourceTree = BUILT_PRODUCTS_DIR; };
		85DE9B7121BA3C8700C11C87 /* libRNVectorIcons.a */ = {isa = PBXFileReference; explicitFileType = archive.ar; path = libRNVectorIcons.a; sourceTree = BUILT_PRODUCTS_DIR; };
		85DE9B7321BA3C8700C11C87 /* libyoga.a */ = {isa = PBXFileReference; explicitFileType = archive.ar; path = libyoga.a; sourceTree = BUILT_PRODUCTS_DIR; };
		87F786F0AB64445B9AE95E21 /* Ionicons.ttf */ = {isa = PBXFileReference; explicitFileType = undefined; fileEncoding = 9; includeInIndex = 0; lastKnownFileType = unknown; name = Ionicons.ttf; path = "../node_modules/react-native-vector-icons/Fonts/Ionicons.ttf"; sourceTree = "<group>"; };
		8EC65211D19442EDA43A1E36 /* Foundation.ttf */ = {isa = PBXFileReference; explicitFileType = undefined; fileEncoding = 9; includeInIndex = 0; lastKnownFileType = unknown; name = Foundation.ttf; path = "../node_modules/react-native-vector-icons/Fonts/Foundation.ttf"; sourceTree = "<group>"; };
		99BD7C0B8B9D458DA6779EAE /* SimpleLineIcons.ttf */ = {isa = PBXFileReference; explicitFileType = undefined; fileEncoding = 9; includeInIndex = 0; lastKnownFileType = unknown; name = SimpleLineIcons.ttf; path = ../assets/fonts/SimpleLineIcons.ttf; sourceTree = "<group>"; };
		9BE5B1438FC64AB6A3C0FC96 /* EvilIcons.ttf */ = {isa = PBXFileReference; explicitFileType = undefined; fileEncoding = 9; includeInIndex = 0; lastKnownFileType = unknown; name = EvilIcons.ttf; path = "../node_modules/react-native-vector-icons/Fonts/EvilIcons.ttf"; sourceTree = "<group>"; };
		AA5BE10356A449AA80E41F80 /* FontAwesome.ttf */ = {isa = PBXFileReference; explicitFileType = undefined; fileEncoding = 9; includeInIndex = 0; lastKnownFileType = unknown; name = FontAwesome.ttf; path = ../assets/fonts/FontAwesome.ttf; sourceTree = "<group>"; };
		AB83A58C892D7BE6EA4CFC58 /* libPods-coins.a */ = {isa = PBXFileReference; explicitFileType = archive.ar; includeInIndex = 0; path = "libPods-coins.a"; sourceTree = BUILT_PRODUCTS_DIR; };
		D855EE32ED1B4E2293D78A82 /* Zocial.ttf */ = {isa = PBXFileReference; explicitFileType = undefined; fileEncoding = 9; includeInIndex = 0; lastKnownFileType = unknown; name = Zocial.ttf; path = ../assets/fonts/Zocial.ttf; sourceTree = "<group>"; };
		DD3D93235CB24687B01C2AAD /* SimpleLineIcons.ttf */ = {isa = PBXFileReference; explicitFileType = undefined; fileEncoding = 9; includeInIndex = 0; lastKnownFileType = unknown; name = SimpleLineIcons.ttf; path = "../node_modules/react-native-vector-icons/Fonts/SimpleLineIcons.ttf"; sourceTree = "<group>"; };
		E3BFAA95929939D7C8639AB3 /* libPods-defaults-rndm-ios-tests.a */ = {isa = PBXFileReference; explicitFileType = archive.ar; includeInIndex = 0; path = "libPods-defaults-rndm-ios-tests.a"; sourceTree = BUILT_PRODUCTS_DIR; };
		ED47CA9436484DD6B1928731 /* Feather.ttf */ = {isa = PBXFileReference; explicitFileType = undefined; fileEncoding = 9; includeInIndex = 0; lastKnownFileType = unknown; name = Feather.ttf; path = "../node_modules/react-native-vector-icons/Fonts/Feather.ttf"; sourceTree = "<group>"; };
		F1935ED7E65C4D49BD79DB65 /* Ionicons.ttf */ = {isa = PBXFileReference; explicitFileType = undefined; fileEncoding = 9; includeInIndex = 0; lastKnownFileType = unknown; name = Ionicons.ttf; path = ../assets/fonts/Ionicons.ttf; sourceTree = "<group>"; };
/* End PBXFileReference section */

/* Begin PBXFrameworksBuildPhase section */
		13B07F8C1A680F5B00A75B9A /* Frameworks */ = {
			isa = PBXFrameworksBuildPhase;
			buildActionMask = 2147483647;
			files = (
				102266F1C0D6B045B2105A14 /* libPods-rndm-ios.a in Frameworks */,
				E48E492BFDCBEA45414BB96E /* libPods-rndm-ios.a in Frameworks */,
			);
			runOnlyForDeploymentPostprocessing = 0;
		};
		85DE9B4C21BA333700C11C87 /* Frameworks */ = {
			isa = PBXFrameworksBuildPhase;
			buildActionMask = 2147483647;
			files = (
				3476D6ECF0A4B78DD5EC1D66 /* libPods-rndm-tvos.a in Frameworks */,
			);
			runOnlyForDeploymentPostprocessing = 0;
		};
/* End PBXFrameworksBuildPhase section */

/* Begin PBXGroup section */
		092E4B581D7CCBF0350D0A62 /* Pods */ = {
			isa = PBXGroup;
			children = (
				4B9A3B6A2B4EC7FF061A114B /* Pods-rndm-ios.debug.xcconfig */,
				49827DE1E8B6576663E455BB /* Pods-rndm-ios.release.xcconfig */,
				3D72ADB83DF359FF0F23BAC9 /* Pods-rndm-tvos.debug.xcconfig */,
				2DE0346BAE916474B8C1161B /* Pods-rndm-tvos.release.xcconfig */,
			);
			name = Pods;
			sourceTree = "<group>";
		};
		13B07FAE1A68108700A75B9A /* src */ = {
			isa = PBXGroup;
			children = (
				85DE9B2521BA2F8500C11C87 /* ios */,
				85DE9B5021BA333700C11C87 /* tvos */,
				85DE9B2621BA2F8D00C11C87 /* shared */,
				85634F492010A7B700C175B0 /* rndm-ios.entitlements */,
				85BE6E041FDA01E20099B7BA /* Fonts */,
				008F07F21AC5B25A0029DE68 /* main.jsbundle */,
				8581B55220049BEA00B2F06E /* GoogleService-Info.plist */,
			);
			name = src;
			sourceTree = "<group>";
		};
		3AF748D3F774C498F6A7C4F9 /* Frameworks */ = {
			isa = PBXGroup;
			children = (
				85DE9B6521BA3C8700C11C87 /* libDoubleConversion.a */,
				85DE9B6721BA3C8700C11C87 /* libFolly.a */,
				85DE9B6921BA3C8700C11C87 /* libglog.a */,
				85DE9B6B21BA3C8700C11C87 /* libPods-rndm-ios.a */,
				85DE9B6D21BA3C8700C11C87 /* libReact.a */,
				85DE9B6F21BA3C8700C11C87 /* libRNDeviceInfo.a */,
				85DE9B7121BA3C8700C11C87 /* libRNVectorIcons.a */,
				85DE9B7321BA3C8700C11C87 /* libyoga.a */,
				85DE9B6121BA35AB00C11C87 /* libDoubleConversion.a */,
				85DE9B5F21BA356F00C11C87 /* libDoubleConversion.a */,
				AB83A58C892D7BE6EA4CFC58 /* libPods-coins.a */,
				1695D7D549A7015D883949F5 /* libPods-defaults-rndm-ios.a */,
				E3BFAA95929939D7C8639AB3 /* libPods-defaults-rndm-ios-tests.a */,
				6DD828A70E304CE739FD661C /* libPods-defaults-rndm-tvos.a */,
				6F1A0DD0ECC75CB687086BAB /* libPods-rndm-ios.a */,
				55E5B2EE38864AF6FA7D9D2E /* libPods-rndm-tvos.a */,
			);
			name = Frameworks;
			sourceTree = "<group>";
		};
		83CBB9F61A601CBA00E9B192 = {
			isa = PBXGroup;
			children = (
				13B07FAE1A68108700A75B9A /* src */,
				83CBBA001A601CBA00E9B192 /* Products */,
				092E4B581D7CCBF0350D0A62 /* Pods */,
				3AF748D3F774C498F6A7C4F9 /* Frameworks */,
				B752D7658EDC4295888C65D9 /* Resources */,
				859072701FF4961F0060F377 /* Recovered References */,
			);
			indentWidth = 2;
			sourceTree = "<group>";
			tabWidth = 2;
			usesTabs = 0;
		};
		83CBBA001A601CBA00E9B192 /* Products */ = {
			isa = PBXGroup;
			children = (
				13B07F961A680F5B00A75B9A /* rndm-ios.app */,
				85DE9B4F21BA333700C11C87 /* rndm-tvos.app */,
			);
			name = Products;
			sourceTree = "<group>";
		};
		859072701FF4961F0060F377 /* Recovered References */ = {
			isa = PBXGroup;
			children = (
				34BA237802A34C338834451A /* libRNFirebase.a */,
			);
			name = "Recovered References";
			sourceTree = "<group>";
		};
		85BE6E041FDA01E20099B7BA /* Fonts */ = {
			isa = PBXGroup;
			children = (
				85BE6E051FDA01E20099B7BA /* Octicons.ttf */,
				85BE6E061FDA01E20099B7BA /* Feather.ttf */,
				85BE6E071FDA01E20099B7BA /* Entypo.ttf */,
				85BE6E081FDA01E20099B7BA /* MaterialCommunityIcons.ttf */,
				85BE6E091FDA01E20099B7BA /* Foundation.ttf */,
				85BE6E0A1FDA01E20099B7BA /* Ionicons.ttf */,
				85BE6E0B1FDA01E20099B7BA /* FontAwesome.ttf */,
				85BE6E0C1FDA01E20099B7BA /* Zocial.ttf */,
				85BE6E0D1FDA01E20099B7BA /* EvilIcons.ttf */,
				85BE6E0E1FDA01E20099B7BA /* SimpleLineIcons.ttf */,
				85BE6E0F1FDA01E20099B7BA /* MaterialIcons.ttf */,
			);
			name = Fonts;
			path = "../node_modules/react-native-vector-icons/Fonts";
			sourceTree = "<group>";
		};
		85DE9B2521BA2F8500C11C87 /* ios */ = {
			isa = PBXGroup;
			children = (
				85634F4E2010AAB700C175B0 /* Info.plist */,
				13B07FB51A68108700A75B9A /* ios.xcassets */,
				857306DB2010957400A8C79E /* LaunchScreen.xib */,
			);
			name = ios;
			path = src/ios;
			sourceTree = "<group>";
		};
		85DE9B2621BA2F8D00C11C87 /* shared */ = {
			isa = PBXGroup;
			children = (
				856F675520A6E7E800BEB589 /* Bridge.h */,
				856F675720A6E83700BEB589 /* AppDelegate.swift */,
			);
			name = shared;
			path = src/shared;
			sourceTree = "<group>";
		};
		85DE9B5021BA333700C11C87 /* tvos */ = {
			isa = PBXGroup;
			children = (
				85DE9B5821BA333900C11C87 /* tvos.xcassets */,
				85DE9B5A21BA333900C11C87 /* Info.plist */,
			);
			name = tvos;
			path = src/tvos;
			sourceTree = "<group>";
		};
		B752D7658EDC4295888C65D9 /* Resources */ = {
			isa = PBXGroup;
			children = (
				53019F264A054CA996611AF3 /* Entypo.ttf */,
				9BE5B1438FC64AB6A3C0FC96 /* EvilIcons.ttf */,
				ED47CA9436484DD6B1928731 /* Feather.ttf */,
				1AD2DF9DD37D4902A9F72016 /* FontAwesome.ttf */,
				8EC65211D19442EDA43A1E36 /* Foundation.ttf */,
				87F786F0AB64445B9AE95E21 /* Ionicons.ttf */,
				4312808189E847C5956B4409 /* MaterialCommunityIcons.ttf */,
				3E9CA15583A546CCAD339A5F /* MaterialIcons.ttf */,
				424903C7943A4124855C242C /* Octicons.ttf */,
				DD3D93235CB24687B01C2AAD /* SimpleLineIcons.ttf */,
				525C8437AA5047B88C20F512 /* Zocial.ttf */,
				2A3E0886F21C418EA87F42AD /* Entypo.ttf */,
				379D4209057B493FBF7298F6 /* EvilIcons.ttf */,
				7243818E0E4A40C38262D8EE /* Feather.ttf */,
				AA5BE10356A449AA80E41F80 /* FontAwesome.ttf */,
				594AE889567A4FC19C739793 /* Foundation.ttf */,
				F1935ED7E65C4D49BD79DB65 /* Ionicons.ttf */,
				285AEED4CE8D43DBB4F27ECC /* MaterialCommunityIcons.ttf */,
				249C91F8CAC94FAFAF541F0D /* MaterialIcons.ttf */,
				74A888E0F6924AA380DC1B32 /* Octicons.ttf */,
				99BD7C0B8B9D458DA6779EAE /* SimpleLineIcons.ttf */,
				D855EE32ED1B4E2293D78A82 /* Zocial.ttf */,
			);
			name = Resources;
			sourceTree = "<group>";
		};
/* End PBXGroup section */

/* Begin PBXNativeTarget section */
		13B07F861A680F5B00A75B9A /* rndm-ios */ = {
			isa = PBXNativeTarget;
			buildConfigurationList = 13B07F931A680F5B00A75B9A /* Build configuration list for PBXNativeTarget "rndm-ios" */;
			buildPhases = (
				AFA9EC42FAA6221A9EFA920F /* [CP] Check Pods Manifest.lock */,
				13B07F871A680F5B00A75B9A /* Sources */,
				13B07F8C1A680F5B00A75B9A /* Frameworks */,
				13B07F8E1A680F5B00A75B9A /* Resources */,
				00DD1BFF1BD5951E006B06BC /* Bundle React Native code and images */,
			);
			buildRules = (
			);
			dependencies = (
			);
			name = "rndm-ios";
			productName = "Hello World";
			productReference = 13B07F961A680F5B00A75B9A /* rndm-ios.app */;
			productType = "com.apple.product-type.application";
		};
		85DE9B4E21BA333700C11C87 /* rndm-tvos */ = {
			isa = PBXNativeTarget;
			buildConfigurationList = 85DE9B5B21BA333900C11C87 /* Build configuration list for PBXNativeTarget "rndm-tvos" */;
			buildPhases = (
				FD05C4B2D2050FD8F5DA2FAE /* [CP] Check Pods Manifest.lock */,
				85DE9B4B21BA333700C11C87 /* Sources */,
				85DE9B4C21BA333700C11C87 /* Frameworks */,
				85DE9B4D21BA333700C11C87 /* Resources */,
			);
			buildRules = (
			);
			dependencies = (
			);
			name = "rndm-tvos";
			productName = "rndm-tvos";
			productReference = 85DE9B4F21BA333700C11C87 /* rndm-tvos.app */;
			productType = "com.apple.product-type.application";
		};
/* End PBXNativeTarget section */

/* Begin PBXProject section */
		83CBB9F71A601CBA00E9B192 /* Project object */ = {
			isa = PBXProject;
			attributes = {
				LastSwiftUpdateCheck = 1010;
				LastUpgradeCheck = 610;
				ORGANIZATIONNAME = Facebook;
				TargetAttributes = {
					13B07F861A680F5B00A75B9A = {
						DevelopmentTeam = B3N4FN96QZ;
						LastSwiftMigration = 0930;
						SystemCapabilities = {
							com.apple.Push = {
								enabled = 1;
							};
						};
					};
					85DE9B4E21BA333700C11C87 = {
						CreatedOnToolsVersion = 10.1;
						DevelopmentTeam = B3N4FN96QZ;
						ProvisioningStyle = Automatic;
					};
				};
			};
			buildConfigurationList = 83CBB9FA1A601CBA00E9B192 /* Build configuration list for PBXProject "rndm" */;
			compatibilityVersion = "Xcode 3.2";
			developmentRegion = English;
			hasScannedForEncodings = 0;
			knownRegions = (
				en,
				Base,
			);
			mainGroup = 83CBB9F61A601CBA00E9B192;
			productRefGroup = 83CBBA001A601CBA00E9B192 /* Products */;
			projectDirPath = "";
			projectRoot = "";
			targets = (
				13B07F861A680F5B00A75B9A /* rndm-ios */,
				85DE9B4E21BA333700C11C87 /* rndm-tvos */,
			);
		};
/* End PBXProject section */

/* Begin PBXResourcesBuildPhase section */
		13B07F8E1A680F5B00A75B9A /* Resources */ = {
			isa = PBXResourcesBuildPhase;
			buildActionMask = 2147483647;
			files = (
				85BE6E3E1FDA01E20099B7BA /* EvilIcons.ttf in Resources */,
				85BE6E3F1FDA01E20099B7BA /* SimpleLineIcons.ttf in Resources */,
				85BE6E3C1FDA01E20099B7BA /* FontAwesome.ttf in Resources */,
				85BE6E3A1FDA01E20099B7BA /* Foundation.ttf in Resources */,
				85BE6E3B1FDA01E20099B7BA /* Ionicons.ttf in Resources */,
				85BE6E401FDA01E20099B7BA /* MaterialIcons.ttf in Resources */,
				85BE6E391FDA01E20099B7BA /* MaterialCommunityIcons.ttf in Resources */,
				85BE6E381FDA01E20099B7BA /* Entypo.ttf in Resources */,
				85BE6E3D1FDA01E20099B7BA /* Zocial.ttf in Resources */,
				857306DD2010957400A8C79E /* LaunchScreen.xib in Resources */,
				85BE6E371FDA01E20099B7BA /* Feather.ttf in Resources */,
				85BE6E361FDA01E20099B7BA /* Octicons.ttf in Resources */,
				8581B55320049BEA00B2F06E /* GoogleService-Info.plist in Resources */,
			);
			runOnlyForDeploymentPostprocessing = 0;
		};
		85DE9B4D21BA333700C11C87 /* Resources */ = {
			isa = PBXResourcesBuildPhase;
			buildActionMask = 2147483647;
			files = (
			);
			runOnlyForDeploymentPostprocessing = 0;
		};
/* End PBXResourcesBuildPhase section */

/* Begin PBXShellScriptBuildPhase section */
		00DD1BFF1BD5951E006B06BC /* Bundle React Native code and images */ = {
			isa = PBXShellScriptBuildPhase;
			buildActionMask = 2147483647;
			files = (
			);
			inputPaths = (
			);
			name = "Bundle React Native code and images";
			outputPaths = (
			);
			runOnlyForDeploymentPostprocessing = 0;
			shellPath = /bin/sh;
			shellScript = "export NODE_BINARY=node\n../node_modules/react-native/scripts/react-native-xcode.sh";
		};
		AFA9EC42FAA6221A9EFA920F /* [CP] Check Pods Manifest.lock */ = {
			isa = PBXShellScriptBuildPhase;
			buildActionMask = 2147483647;
			files = (
			);
			inputPaths = (
				"${PODS_PODFILE_DIR_PATH}/Podfile.lock",
				"${PODS_ROOT}/Manifest.lock",
			);
			name = "[CP] Check Pods Manifest.lock";
			outputPaths = (
				"$(DERIVED_FILE_DIR)/Pods-rndm-ios-checkManifestLockResult.txt",
			);
			runOnlyForDeploymentPostprocessing = 0;
			shellPath = /bin/sh;
			shellScript = "diff \"${PODS_PODFILE_DIR_PATH}/Podfile.lock\" \"${PODS_ROOT}/Manifest.lock\" > /dev/null\nif [ $? != 0 ] ; then\n    # print error to STDERR\n    echo \"error: The sandbox is not in sync with the Podfile.lock. Run 'pod install' or update your CocoaPods installation.\" >&2\n    exit 1\nfi\n# This output is used by Xcode 'outputs' to avoid re-running this script phase.\necho \"SUCCESS\" > \"${SCRIPT_OUTPUT_FILE_0}\"\n";
			showEnvVarsInLog = 0;
		};
		FD05C4B2D2050FD8F5DA2FAE /* [CP] Check Pods Manifest.lock */ = {
			isa = PBXShellScriptBuildPhase;
			buildActionMask = 2147483647;
			files = (
			);
			inputFileListPaths = (
			);
			inputPaths = (
				"${PODS_PODFILE_DIR_PATH}/Podfile.lock",
				"${PODS_ROOT}/Manifest.lock",
			);
			name = "[CP] Check Pods Manifest.lock";
			outputFileListPaths = (
			);
			outputPaths = (
				"$(DERIVED_FILE_DIR)/Pods-rndm-tvos-checkManifestLockResult.txt",
			);
			runOnlyForDeploymentPostprocessing = 0;
			shellPath = /bin/sh;
			shellScript = "diff \"${PODS_PODFILE_DIR_PATH}/Podfile.lock\" \"${PODS_ROOT}/Manifest.lock\" > /dev/null\nif [ $? != 0 ] ; then\n    # print error to STDERR\n    echo \"error: The sandbox is not in sync with the Podfile.lock. Run 'pod install' or update your CocoaPods installation.\" >&2\n    exit 1\nfi\n# This output is used by Xcode 'outputs' to avoid re-running this script phase.\necho \"SUCCESS\" > \"${SCRIPT_OUTPUT_FILE_0}\"\n";
			showEnvVarsInLog = 0;
		};
/* End PBXShellScriptBuildPhase section */

/* Begin PBXSourcesBuildPhase section */
		13B07F871A680F5B00A75B9A /* Sources */ = {
			isa = PBXSourcesBuildPhase;
			buildActionMask = 2147483647;
			files = (
				856F675820A6E83700BEB589 /* AppDelegate.swift in Sources */,
			);
			runOnlyForDeploymentPostprocessing = 0;
		};
		85DE9B4B21BA333700C11C87 /* Sources */ = {
			isa = PBXSourcesBuildPhase;
			buildActionMask = 2147483647;
			files = (
				85DE9B6421BA374900C11C87 /* AppDelegate.swift in Sources */,
			);
			runOnlyForDeploymentPostprocessing = 0;
		};
/* End PBXSourcesBuildPhase section */

/* Begin PBXVariantGroup section */
		857306DB2010957400A8C79E /* LaunchScreen.xib */ = {
			isa = PBXVariantGroup;
			children = (
				857306DC2010957400A8C79E /* Base */,
			);
			name = LaunchScreen.xib;
			sourceTree = "<group>";
		};
/* End PBXVariantGroup section */

/* Begin XCBuildConfiguration section */
		13B07F941A680F5B00A75B9A /* Debug */ = {
			isa = XCBuildConfiguration;
			baseConfigurationReference = 4B9A3B6A2B4EC7FF061A114B /* Pods-rndm-ios.debug.xcconfig */;
			buildSettings = {
				ASSETCATALOG_COMPILER_APPICON_NAME = AppIcon;
				CLANG_ENABLE_MODULES = YES;
				CODE_SIGN_ENTITLEMENTS = "rndm-ios.entitlements";
				CURRENT_PROJECT_VERSION = 1;
				DEAD_CODE_STRIPPING = NO;
				DEVELOPMENT_TEAM = B3N4FN96QZ;
				HEADER_SEARCH_PATHS = (
					"$(inherited)",
					"$(SRCROOT)/../node_modules/react-native-firebase/ios/RNFirebase/**",
				);
				INFOPLIST_FILE = "$(SRCROOT)/src/ios/Info.plist";
				LD_RUNPATH_SEARCH_PATHS = "$(inherited) @executable_path/Frameworks";
				LIBRARY_SEARCH_PATHS = (
					"$(inherited)",
					"\"${PODS_CONFIGURATION_BUILD_DIR}/DoubleConversion\"",
					"\"${PODS_CONFIGURATION_BUILD_DIR}/Folly\"",
					"\"${PODS_CONFIGURATION_BUILD_DIR}/RNDeviceInfo\"",
					"\"${PODS_CONFIGURATION_BUILD_DIR}/RNVectorIcons\"",
					"\"${PODS_CONFIGURATION_BUILD_DIR}/React\"",
					"\"${PODS_CONFIGURATION_BUILD_DIR}/glog\"",
					"\"${PODS_CONFIGURATION_BUILD_DIR}/yoga\"",
				);
				OTHER_LDFLAGS = (
					"$(inherited)",
					"-ObjC",
					"-lc++",
				);
				PRODUCT_BUNDLE_IDENTIFIER = com.rndm;
				PRODUCT_NAME = "rndm-ios";
				SDKROOT = iphoneos;
				SWIFT_OBJC_BRIDGING_HEADER = src/shared/Bridge.h;
				SWIFT_OPTIMIZATION_LEVEL = "-Onone";
				SWIFT_VERSION = 3.0;
				VERSIONING_SYSTEM = "apple-generic";
			};
			name = Debug;
		};
		13B07F951A680F5B00A75B9A /* Release */ = {
			isa = XCBuildConfiguration;
			baseConfigurationReference = 49827DE1E8B6576663E455BB /* Pods-rndm-ios.release.xcconfig */;
			buildSettings = {
				ASSETCATALOG_COMPILER_APPICON_NAME = AppIcon;
				CLANG_ENABLE_MODULES = YES;
				CODE_SIGN_ENTITLEMENTS = "rndm-ios.entitlements";
				CURRENT_PROJECT_VERSION = 1;
				DEVELOPMENT_TEAM = B3N4FN96QZ;
				HEADER_SEARCH_PATHS = (
					"$(inherited)",
					"$(SRCROOT)/../node_modules/react-native-firebase/ios/RNFirebase/**",
				);
				INFOPLIST_FILE = "$(SRCROOT)/src/ios/Info.plist";
				LD_RUNPATH_SEARCH_PATHS = "$(inherited) @executable_path/Frameworks";
				LIBRARY_SEARCH_PATHS = (
					"$(inherited)",
					"\"${PODS_CONFIGURATION_BUILD_DIR}/DoubleConversion\"",
					"\"${PODS_CONFIGURATION_BUILD_DIR}/Folly\"",
					"\"${PODS_CONFIGURATION_BUILD_DIR}/RNDeviceInfo\"",
					"\"${PODS_CONFIGURATION_BUILD_DIR}/RNVectorIcons\"",
					"\"${PODS_CONFIGURATION_BUILD_DIR}/React\"",
					"\"${PODS_CONFIGURATION_BUILD_DIR}/glog\"",
					"\"${PODS_CONFIGURATION_BUILD_DIR}/yoga\"",
				);
				OTHER_LDFLAGS = (
					"$(inherited)",
					"-ObjC",
					"-lc++",
				);
				PRODUCT_BUNDLE_IDENTIFIER = com.rndm;
				PRODUCT_NAME = "rndm-ios";
				SDKROOT = iphoneos;
				SWIFT_OBJC_BRIDGING_HEADER = src/shared/Bridge.h;
				SWIFT_VERSION = 3.0;
				VERSIONING_SYSTEM = "apple-generic";
			};
			name = Release;
		};
		83CBBA201A601CBA00E9B192 /* Debug */ = {
			isa = XCBuildConfiguration;
			buildSettings = {
				ALWAYS_SEARCH_USER_PATHS = NO;
				CLANG_CXX_LANGUAGE_STANDARD = "gnu++0x";
				CLANG_CXX_LIBRARY = "libc++";
				CLANG_ENABLE_MODULES = YES;
				CLANG_ENABLE_OBJC_ARC = YES;
				CLANG_WARN_BOOL_CONVERSION = YES;
				CLANG_WARN_CONSTANT_CONVERSION = YES;
				CLANG_WARN_DIRECT_OBJC_ISA_USAGE = YES_ERROR;
				CLANG_WARN_EMPTY_BODY = YES;
				CLANG_WARN_ENUM_CONVERSION = YES;
				CLANG_WARN_INT_CONVERSION = YES;
				CLANG_WARN_OBJC_ROOT_CLASS = YES_ERROR;
				CLANG_WARN_UNREACHABLE_CODE = YES;
				CLANG_WARN__DUPLICATE_METHOD_MATCH = YES;
				"CODE_SIGN_IDENTITY[sdk=iphoneos*]" = "iPhone Developer";
				COPY_PHASE_STRIP = NO;
				ENABLE_STRICT_OBJC_MSGSEND = YES;
				GCC_C_LANGUAGE_STANDARD = gnu99;
				GCC_DYNAMIC_NO_PIC = NO;
				GCC_OPTIMIZATION_LEVEL = 0;
				GCC_PREPROCESSOR_DEFINITIONS = (
					"DEBUG=1",
					"$(inherited)",
				);
				GCC_SYMBOLS_PRIVATE_EXTERN = NO;
				GCC_WARN_64_TO_32_BIT_CONVERSION = YES;
				GCC_WARN_ABOUT_RETURN_TYPE = YES_ERROR;
				GCC_WARN_UNDECLARED_SELECTOR = YES;
				GCC_WARN_UNINITIALIZED_AUTOS = YES_AGGRESSIVE;
				GCC_WARN_UNUSED_FUNCTION = YES;
				GCC_WARN_UNUSED_VARIABLE = YES;
				HEADER_SEARCH_PATHS = "$(SRCROOT)/../node_modules/react-native-fcm/ios";
				IPHONEOS_DEPLOYMENT_TARGET = 9.0;
				MTL_ENABLE_DEBUG_INFO = YES;
				ONLY_ACTIVE_ARCH = YES;
			};
			name = Debug;
		};
		83CBBA211A601CBA00E9B192 /* Release */ = {
			isa = XCBuildConfiguration;
			buildSettings = {
				ALWAYS_SEARCH_USER_PATHS = NO;
				CLANG_CXX_LANGUAGE_STANDARD = "gnu++0x";
				CLANG_CXX_LIBRARY = "libc++";
				CLANG_ENABLE_MODULES = YES;
				CLANG_ENABLE_OBJC_ARC = YES;
				CLANG_WARN_BOOL_CONVERSION = YES;
				CLANG_WARN_CONSTANT_CONVERSION = YES;
				CLANG_WARN_DIRECT_OBJC_ISA_USAGE = YES_ERROR;
				CLANG_WARN_EMPTY_BODY = YES;
				CLANG_WARN_ENUM_CONVERSION = YES;
				CLANG_WARN_INT_CONVERSION = YES;
				CLANG_WARN_OBJC_ROOT_CLASS = YES_ERROR;
				CLANG_WARN_UNREACHABLE_CODE = YES;
				CLANG_WARN__DUPLICATE_METHOD_MATCH = YES;
				"CODE_SIGN_IDENTITY[sdk=iphoneos*]" = "iPhone Developer";
				COPY_PHASE_STRIP = YES;
				ENABLE_NS_ASSERTIONS = NO;
				ENABLE_STRICT_OBJC_MSGSEND = YES;
				GCC_C_LANGUAGE_STANDARD = gnu99;
				GCC_WARN_64_TO_32_BIT_CONVERSION = YES;
				GCC_WARN_ABOUT_RETURN_TYPE = YES_ERROR;
				GCC_WARN_UNDECLARED_SELECTOR = YES;
				GCC_WARN_UNINITIALIZED_AUTOS = YES_AGGRESSIVE;
				GCC_WARN_UNUSED_FUNCTION = YES;
				GCC_WARN_UNUSED_VARIABLE = YES;
				HEADER_SEARCH_PATHS = "$(SRCROOT)/../node_modules/react-native-fcm/ios";
				IPHONEOS_DEPLOYMENT_TARGET = 9.0;
				MTL_ENABLE_DEBUG_INFO = NO;
				VALIDATE_PRODUCT = YES;
			};
			name = Release;
		};
		85DE9B5C21BA333900C11C87 /* Debug */ = {
			isa = XCBuildConfiguration;
			baseConfigurationReference = 3D72ADB83DF359FF0F23BAC9 /* Pods-rndm-tvos.debug.xcconfig */;
			buildSettings = {
				ASSETCATALOG_COMPILER_APPICON_NAME = "App Icon & Top Shelf Image";
				ASSETCATALOG_COMPILER_LAUNCHIMAGE_NAME = "Launch Image";
				CLANG_ANALYZER_NONNULL = YES;
				CLANG_ANALYZER_NUMBER_OBJECT_CONVERSION = YES_AGGRESSIVE;
				CLANG_CXX_LANGUAGE_STANDARD = "gnu++14";
				CLANG_ENABLE_OBJC_WEAK = YES;
				CLANG_WARN_BLOCK_CAPTURE_AUTORELEASING = YES;
				CLANG_WARN_COMMA = YES;
				CLANG_WARN_DEPRECATED_OBJC_IMPLEMENTATIONS = YES;
				CLANG_WARN_DOCUMENTATION_COMMENTS = YES;
				CLANG_WARN_INFINITE_RECURSION = YES;
				CLANG_WARN_NON_LITERAL_NULL_CONVERSION = YES;
				CLANG_WARN_OBJC_IMPLICIT_RETAIN_SELF = YES;
				CLANG_WARN_OBJC_LITERAL_CONVERSION = YES;
				CLANG_WARN_RANGE_LOOP_ANALYSIS = YES;
				CLANG_WARN_STRICT_PROTOTYPES = YES;
				CLANG_WARN_SUSPICIOUS_MOVE = YES;
				CLANG_WARN_UNGUARDED_AVAILABILITY = YES_AGGRESSIVE;
				CODE_SIGN_STYLE = Automatic;
				DEBUG_INFORMATION_FORMAT = dwarf;
				DEVELOPMENT_TEAM = B3N4FN96QZ;
				ENABLE_TESTABILITY = YES;
				GCC_C_LANGUAGE_STANDARD = gnu11;
				GCC_NO_COMMON_BLOCKS = YES;
				HEADER_SEARCH_PATHS = "$(inherited)";
				INFOPLIST_FILE = "$(SRCROOT)/src/tvos/Info.plist";
				LD_RUNPATH_SEARCH_PATHS = "$(inherited) @executable_path/Frameworks";
				LIBRARY_SEARCH_PATHS = (
					"$(inherited)",
					"\"${PODS_CONFIGURATION_BUILD_DIR}/DoubleConversion\"",
					"\"${PODS_CONFIGURATION_BUILD_DIR}/Folly\"",
					"\"${PODS_CONFIGURATION_BUILD_DIR}/RNDeviceInfo\"",
					"\"${PODS_CONFIGURATION_BUILD_DIR}/RNVectorIcons\"",
					"\"${PODS_CONFIGURATION_BUILD_DIR}/React\"",
					"\"${PODS_CONFIGURATION_BUILD_DIR}/glog\"",
					"\"${PODS_CONFIGURATION_BUILD_DIR}/yoga\"",
				);
				MTL_ENABLE_DEBUG_INFO = INCLUDE_SOURCE;
				MTL_FAST_MATH = YES;
				OTHER_LDFLAGS = (
					"$(inherited)",
					"-ObjC",
					"-lc++",
				);
				PRODUCT_BUNDLE_IDENTIFIER = "com.rndm.rndm-tvos";
				PRODUCT_NAME = "$(TARGET_NAME)";
				SDKROOT = appletvos;
				SWIFT_ACTIVE_COMPILATION_CONDITIONS = DEBUG;
				SWIFT_OBJC_BRIDGING_HEADER = src/shared/Bridge.h;
				SWIFT_OPTIMIZATION_LEVEL = "-Onone";
				SWIFT_VERSION = 3.0;
				TARGETED_DEVICE_FAMILY = 3;
				TVOS_DEPLOYMENT_TARGET = 12.1;
			};
			name = Debug;
		};
		85DE9B5D21BA333900C11C87 /* Release */ = {
			isa = XCBuildConfiguration;
			baseConfigurationReference = 2DE0346BAE916474B8C1161B /* Pods-rndm-tvos.release.xcconfig */;
			buildSettings = {
				ASSETCATALOG_COMPILER_APPICON_NAME = "App Icon & Top Shelf Image";
				ASSETCATALOG_COMPILER_LAUNCHIMAGE_NAME = "Launch Image";
				CLANG_ANALYZER_NONNULL = YES;
				CLANG_ANALYZER_NUMBER_OBJECT_CONVERSION = YES_AGGRESSIVE;
				CLANG_CXX_LANGUAGE_STANDARD = "gnu++14";
				CLANG_ENABLE_OBJC_WEAK = YES;
				CLANG_WARN_BLOCK_CAPTURE_AUTORELEASING = YES;
				CLANG_WARN_COMMA = YES;
				CLANG_WARN_DEPRECATED_OBJC_IMPLEMENTATIONS = YES;
				CLANG_WARN_DOCUMENTATION_COMMENTS = YES;
				CLANG_WARN_INFINITE_RECURSION = YES;
				CLANG_WARN_NON_LITERAL_NULL_CONVERSION = YES;
				CLANG_WARN_OBJC_IMPLICIT_RETAIN_SELF = YES;
				CLANG_WARN_OBJC_LITERAL_CONVERSION = YES;
				CLANG_WARN_RANGE_LOOP_ANALYSIS = YES;
				CLANG_WARN_STRICT_PROTOTYPES = YES;
				CLANG_WARN_SUSPICIOUS_MOVE = YES;
				CLANG_WARN_UNGUARDED_AVAILABILITY = YES_AGGRESSIVE;
				CODE_SIGN_STYLE = Automatic;
				COPY_PHASE_STRIP = NO;
				DEBUG_INFORMATION_FORMAT = "dwarf-with-dsym";
				DEVELOPMENT_TEAM = B3N4FN96QZ;
				GCC_C_LANGUAGE_STANDARD = gnu11;
				GCC_NO_COMMON_BLOCKS = YES;
				HEADER_SEARCH_PATHS = "$(inherited)";
				INFOPLIST_FILE = "$(SRCROOT)/src/tvos/Info.plist";
				LD_RUNPATH_SEARCH_PATHS = "$(inherited) @executable_path/Frameworks";
				LIBRARY_SEARCH_PATHS = (
					"$(inherited)",
					"\"${PODS_CONFIGURATION_BUILD_DIR}/DoubleConversion\"",
					"\"${PODS_CONFIGURATION_BUILD_DIR}/Folly\"",
					"\"${PODS_CONFIGURATION_BUILD_DIR}/RNDeviceInfo\"",
					"\"${PODS_CONFIGURATION_BUILD_DIR}/RNVectorIcons\"",
					"\"${PODS_CONFIGURATION_BUILD_DIR}/React\"",
					"\"${PODS_CONFIGURATION_BUILD_DIR}/glog\"",
					"\"${PODS_CONFIGURATION_BUILD_DIR}/yoga\"",
				);
				MTL_FAST_MATH = YES;
				OTHER_LDFLAGS = (
					"$(inherited)",
					"-ObjC",
					"-lc++",
				);
				PRODUCT_BUNDLE_IDENTIFIER = "com.rndm.rndm-tvos";
				PRODUCT_NAME = "$(TARGET_NAME)";
				SDKROOT = appletvos;
				SWIFT_OBJC_BRIDGING_HEADER = src/shared/Bridge.h;
				SWIFT_OPTIMIZATION_LEVEL = "-Owholemodule";
				SWIFT_VERSION = 3.0;
				TARGETED_DEVICE_FAMILY = 3;
				TVOS_DEPLOYMENT_TARGET = 12.1;
			};
			name = Release;
		};
/* End XCBuildConfiguration section */

/* Begin XCConfigurationList section */
		13B07F931A680F5B00A75B9A /* Build configuration list for PBXNativeTarget "rndm-ios" */ = {
			isa = XCConfigurationList;
			buildConfigurations = (
				13B07F941A680F5B00A75B9A /* Debug */,
				13B07F951A680F5B00A75B9A /* Release */,
			);
			defaultConfigurationIsVisible = 0;
			defaultConfigurationName = Release;
		};
		83CBB9FA1A601CBA00E9B192 /* Build configuration list for PBXProject "rndm" */ = {
			isa = XCConfigurationList;
			buildConfigurations = (
				83CBBA201A601CBA00E9B192 /* Debug */,
				83CBBA211A601CBA00E9B192 /* Release */,
			);
			defaultConfigurationIsVisible = 0;
			defaultConfigurationName = Release;
		};
		85DE9B5B21BA333900C11C87 /* Build configuration list for PBXNativeTarget "rndm-tvos" */ = {
			isa = XCConfigurationList;
			buildConfigurations = (
				85DE9B5C21BA333900C11C87 /* Debug */,
				85DE9B5D21BA333900C11C87 /* Release */,
			);
			defaultConfigurationIsVisible = 0;
			defaultConfigurationName = Release;
		};
/* End XCConfigurationList section */
	};
	rootObject = 83CBB9F71A601CBA00E9B192 /* Project object */;
}
